schema: '2.0'
stages:
  train:
    cmd: python src/train.py
    deps:
    - path: data/raw/IMDB_Dataset.csv
      hash: md5
      md5: 308443a50e5c993e7b8a1cdb95750026
      size: 66212309
    - path: src/params.yaml
      hash: md5
      md5: a0599adee1441366aa29cde33a1481ba
      size: 73
    - path: src/train.py
      hash: md5
      md5: e94e1d92aa4e210e878343360b080838
      size: 2657
    outs:
    - path: artifacts/metrics.json
      hash: md5
      md5: c908aa164fe46b36daeaf838fd9c00f0
      size: 109
    - path: artifacts/model.pkl
      hash: md5
      md5: 5e26b44fbeb833767a8c265b9f3235d9
      size: 40863
    - path: artifacts/vectorizer.pkl
      hash: md5
      md5: a7f151e03e267353229d7dd698543ddc
      size: 182533
    - path: data/processed/test.csv
      hash: md5
      md5: 1c87d1d67bfe923aed1aa0e54d7a2fb1
      size: 13223638
    - path: data/processed/train.csv
      hash: md5
      md5: 7f2c4d6b84d1f459c240d1cdec2b1446
      size: 52688690
